// !$*UTF8*$!
{
	archiveVersion = 1;
	classes = {
	};
	objectVersion = 46;
	objects = {

/* Begin PBXBuildFile section */
		3B1064211B561CF1005FA834 /* CardMatchingGame.m in Sources */ = {isa = PBXBuildFile; fileRef = 3B1064201B561CF1005FA834 /* CardMatchingGame.m */; };
		3B4463E41B544DDB0016058B /* main.m in Sources */ = {isa = PBXBuildFile; fileRef = 3B4463E31B544DDB0016058B /* main.m */; };
		3B4463E71B544DDB0016058B /* AppDelegate.m in Sources */ = {isa = PBXBuildFile; fileRef = 3B4463E61B544DDB0016058B /* AppDelegate.m */; };
		3B4463EA1B544DDB0016058B /* ViewController.m in Sources */ = {isa = PBXBuildFile; fileRef = 3B4463E91B544DDB0016058B /* ViewController.m */; };
		3B4463ED1B544DDB0016058B /* Main.storyboard in Resources */ = {isa = PBXBuildFile; fileRef = 3B4463EB1B544DDB0016058B /* Main.storyboard */; };
		3B4463EF1B544DDB0016058B /* Images.xcassets in Resources */ = {isa = PBXBuildFile; fileRef = 3B4463EE1B544DDB0016058B /* Images.xcassets */; };
		3B4463F21B544DDB0016058B /* LaunchScreen.xib in Resources */ = {isa = PBXBuildFile; fileRef = 3B4463F01B544DDB0016058B /* LaunchScreen.xib */; };
		3B4463FE1B544DDB0016058B /* MemMatchTests.m in Sources */ = {isa = PBXBuildFile; fileRef = 3B4463FD1B544DDB0016058B /* MemMatchTests.m */; };
		3B4464091B544F9E0016058B /* Card.m in Sources */ = {isa = PBXBuildFile; fileRef = 3B4464081B544F9E0016058B /* Card.m */; };
		3B44640F1B545E390016058B /* Deck.m in Sources */ = {isa = PBXBuildFile; fileRef = 3B44640E1B545E390016058B /* Deck.m */; };
		3B4464121B5468940016058B /* PlayingCard.m in Sources */ = {isa = PBXBuildFile; fileRef = 3B4464111B5468940016058B /* PlayingCard.m */; };
		3B4464151B548B660016058B /* PlayingCardDeck.m in Sources */ = {isa = PBXBuildFile; fileRef = 3B4464141B548B660016058B /* PlayingCardDeck.m */; };
/* End PBXBuildFile section */

/* Begin PBXContainerItemProxy section */
		3B4463F81B544DDB0016058B /* PBXContainerItemProxy */ = {
			isa = PBXContainerItemProxy;
			containerPortal = 3B4463D61B544DDB0016058B /* Project object */;
			proxyType = 1;
			remoteGlobalIDString = 3B4463DD1B544DDB0016058B;
			remoteInfo = MemMatch;
		};
/* End PBXContainerItemProxy section */

/* Begin PBXFileReference section */
		3B10641F1B561CF1005FA834 /* CardMatchingGame.h */ = {isa = PBXFileReference; fileEncoding = 4; lastKnownFileType = sourcecode.c.h; name = CardMatchingGame.h; path = Model/CardMatchingGame.h; sourceTree = "<group>"; };
		3B1064201B561CF1005FA834 /* CardMatchingGame.m */ = {isa = PBXFileReference; fileEncoding = 4; lastKnownFileType = sourcecode.c.objc; name = CardMatchingGame.m; path = Model/CardMatchingGame.m; sourceTree = "<group>"; };
		3B4463DE1B544DDB0016058B /* MemMatch.app */ = {isa = PBXFileReference; explicitFileType = wrapper.application; includeInIndex = 0; path = MemMatch.app; sourceTree = BUILT_PRODUCTS_DIR; };
		3B4463E21B544DDB0016058B /* Info.plist */ = {isa = PBXFileReference; lastKnownFileType = text.plist.xml; path = Info.plist; sourceTree = "<group>"; };
		3B4463E31B544DDB0016058B /* main.m */ = {isa = PBXFileReference; lastKnownFileType = sourcecode.c.objc; path = main.m; sourceTree = "<group>"; };
		3B4463E51B544DDB0016058B /* AppDelegate.h */ = {isa = PBXFileReference; lastKnownFileType = sourcecode.c.h; path = AppDelegate.h; sourceTree = "<group>"; };
		3B4463E61B544DDB0016058B /* AppDelegate.m */ = {isa = PBXFileReference; lastKnownFileType = sourcecode.c.objc; path = AppDelegate.m; sourceTree = "<group>"; };
		3B4463E81B544DDB0016058B /* ViewController.h */ = {isa = PBXFileReference; lastKnownFileType = sourcecode.c.h; path = ViewController.h; sourceTree = "<group>"; };
		3B4463E91B544DDB0016058B /* ViewController.m */ = {isa = PBXFileReference; lastKnownFileType = sourcecode.c.objc; path = ViewController.m; sourceTree = "<group>"; };
		3B4463EC1B544DDB0016058B /* Base */ = {isa = PBXFileReference; lastKnownFileType = file.storyboard; name = Base; path = Base.lproj/Main.storyboard; sourceTree = "<group>"; };
		3B4463EE1B544DDB0016058B /* Images.xcassets */ = {isa = PBXFileReference; lastKnownFileType = folder.assetcatalog; path = Images.xcassets; sourceTree = "<group>"; };
		3B4463F11B544DDB0016058B /* Base */ = {isa = PBXFileReference; lastKnownFileType = file.xib; name = Base; path = Base.lproj/LaunchScreen.xib; sourceTree = "<group>"; };
		3B4463F71B544DDB0016058B /* MemMatchTests.xctest */ = {isa = PBXFileReference; explicitFileType = wrapper.cfbundle; includeInIndex = 0; path = MemMatchTests.xctest; sourceTree = BUILT_PRODUCTS_DIR; };
		3B4463FC1B544DDB0016058B /* Info.plist */ = {isa = PBXFileReference; lastKnownFileType = text.plist.xml; path = Info.plist; sourceTree = "<group>"; };
		3B4463FD1B544DDB0016058B /* MemMatchTests.m */ = {isa = PBXFileReference; lastKnownFileType = sourcecode.c.objc; path = MemMatchTests.m; sourceTree = "<group>"; };
		3B4464071B544F9E0016058B /* Card.h */ = {isa = PBXFileReference; fileEncoding = 4; lastKnownFileType = sourcecode.c.h; name = Card.h; path = Model/Card.h; sourceTree = "<group>"; };
		3B4464081B544F9E0016058B /* Card.m */ = {isa = PBXFileReference; fileEncoding = 4; lastKnownFileType = sourcecode.c.objc; name = Card.m; path = Model/Card.m; sourceTree = "<group>"; };
		3B44640D1B545E390016058B /* Deck.h */ = {isa = PBXFileReference; fileEncoding = 4; lastKnownFileType = sourcecode.c.h; name = Deck.h; path = Model/Deck.h; sourceTree = "<group>"; };
		3B44640E1B545E390016058B /* Deck.m */ = {isa = PBXFileReference; fileEncoding = 4; lastKnownFileType = sourcecode.c.objc; name = Deck.m; path = Model/Deck.m; sourceTree = "<group>"; };
		3B4464101B5468940016058B /* PlayingCard.h */ = {isa = PBXFileReference; fileEncoding = 4; lastKnownFileType = sourcecode.c.h; name = PlayingCard.h; path = Model/PlayingCard.h; sourceTree = "<group>"; };
		3B4464111B5468940016058B /* PlayingCard.m */ = {isa = PBXFileReference; fileEncoding = 4; lastKnownFileType = sourcecode.c.objc; name = PlayingCard.m; path = Model/PlayingCard.m; sourceTree = "<group>"; };
		3B4464131B548B660016058B /* PlayingCardDeck.h */ = {isa = PBXFileReference; fileEncoding = 4; lastKnownFileType = sourcecode.c.h; name = PlayingCardDeck.h; path = Model/PlayingCardDeck.h; sourceTree = "<group>"; };
		3B4464141B548B660016058B /* PlayingCardDeck.m */ = {isa = PBXFileReference; fileEncoding = 4; lastKnownFileType = sourcecode.c.objc; name = PlayingCardDeck.m; path = Model/PlayingCardDeck.m; sourceTree = "<group>"; };
/* End PBXFileReference section */

/* Begin PBXFrameworksBuildPhase section */
		3B4463DB1B544DDB0016058B /* Frameworks */ = {
			isa = PBXFrameworksBuildPhase;
			buildActionMask = 2147483647;
			files = (
			);
			runOnlyForDeploymentPostprocessing = 0;
		};
		3B4463F41B544DDB0016058B /* Frameworks */ = {
			isa = PBXFrameworksBuildPhase;
			buildActionMask = 2147483647;
			files = (
			);
			runOnlyForDeploymentPostprocessing = 0;
		};
/* End PBXFrameworksBuildPhase section */

/* Begin PBXGroup section */
		3B4463D51B544DDB0016058B = {
			isa = PBXGroup;
			children = (
				3B4463E01B544DDB0016058B /* MemMatch */,
				3B4463FA1B544DDB0016058B /* MemMatchTests */,
				3B4463DF1B544DDB0016058B /* Products */,
			);
			sourceTree = "<group>";
		};
		3B4463DF1B544DDB0016058B /* Products */ = {
			isa = PBXGroup;
			children = (
				3B4463DE1B544DDB0016058B /* MemMatch.app */,
				3B4463F71B544DDB0016058B /* MemMatchTests.xctest */,
			);
			name = Products;
			sourceTree = "<group>";
		};
		3B4463E01B544DDB0016058B /* MemMatch */ = {
			isa = PBXGroup;
			children = (
				3B4463E81B544DDB0016058B /* ViewController.h */,
				3B4463E91B544DDB0016058B /* ViewController.m */,
				3B44640A1B544FA30016058B /* Model */,
				3B4464161B548D970016058B /* Design */,
				3B4463E11B544DDB0016058B /* Supporting Files */,
			);
			path = MemMatch;
			sourceTree = "<group>";
		};
		3B4463E11B544DDB0016058B /* Supporting Files */ = {
			isa = PBXGroup;
			children = (
				3B4463E51B544DDB0016058B /* AppDelegate.h */,
				3B4463E61B544DDB0016058B /* AppDelegate.m */,
				3B4463E21B544DDB0016058B /* Info.plist */,
				3B4463E31B544DDB0016058B /* main.m */,
			);
			name = "Supporting Files";
			sourceTree = "<group>";
		};
		3B4463FA1B544DDB0016058B /* MemMatchTests */ = {
			isa = PBXGroup;
			children = (
				3B4463FD1B544DDB0016058B /* MemMatchTests.m */,
				3B4463FB1B544DDB0016058B /* Supporting Files */,
			);
			path = MemMatchTests;
			sourceTree = "<group>";
		};
		3B4463FB1B544DDB0016058B /* Supporting Files */ = {
			isa = PBXGroup;
			children = (
				3B4463FC1B544DDB0016058B /* Info.plist */,
			);
			name = "Supporting Files";
			sourceTree = "<group>";
		};
		3B44640A1B544FA30016058B /* Model */ = {
			isa = PBXGroup;
			children = (
				3B4464071B544F9E0016058B /* Card.h */,
				3B4464081B544F9E0016058B /* Card.m */,
				3B44640D1B545E390016058B /* Deck.h */,
				3B44640E1B545E390016058B /* Deck.m */,
				3B4464101B5468940016058B /* PlayingCard.h */,
				3B4464111B5468940016058B /* PlayingCard.m */,
				3B10641F1B561CF1005FA834 /* CardMatchingGame.h */,
				3B1064201B561CF1005FA834 /* CardMatchingGame.m */,
				3B4464131B548B660016058B /* PlayingCardDeck.h */,
				3B4464141B548B660016058B /* PlayingCardDeck.m */,
			);
			name = Model;
			sourceTree = "<group>";
		};
		3B4464161B548D970016058B /* Design */ = {
			isa = PBXGroup;
			children = (
				3B4463EB1B544DDB0016058B /* Main.storyboard */,
				3B4463EE1B544DDB0016058B /* Images.xcassets */,
				3B4463F01B544DDB0016058B /* LaunchScreen.xib */,
			);
			name = Design;
			sourceTree = "<group>";
		};
/* End PBXGroup section */

/* Begin PBXNativeTarget section */
		3B4463DD1B544DDB0016058B /* MemMatch */ = {
			isa = PBXNativeTarget;
			buildConfigurationList = 3B4464011B544DDB0016058B /* Build configuration list for PBXNativeTarget "MemMatch" */;
			buildPhases = (
				3B4463DA1B544DDB0016058B /* Sources */,
				3B4463DB1B544DDB0016058B /* Frameworks */,
				3B4463DC1B544DDB0016058B /* Resources */,
			);
			buildRules = (
			);
			dependencies = (
			);
			name = MemMatch;
			productName = MemMatch;
			productReference = 3B4463DE1B544DDB0016058B /* MemMatch.app */;
			productType = "com.apple.product-type.application";
		};
		3B4463F61B544DDB0016058B /* MemMatchTests */ = {
			isa = PBXNativeTarget;
			buildConfigurationList = 3B4464041B544DDB0016058B /* Build configuration list for PBXNativeTarget "MemMatchTests" */;
			buildPhases = (
				3B4463F31B544DDB0016058B /* Sources */,
				3B4463F41B544DDB0016058B /* Frameworks */,
				3B4463F51B544DDB0016058B /* Resources */,
			);
			buildRules = (
			);
			dependencies = (
				3B4463F91B544DDB0016058B /* PBXTargetDependency */,
			);
			name = MemMatchTests;
			productName = MemMatchTests;
			productReference = 3B4463F71B544DDB0016058B /* MemMatchTests.xctest */;
			productType = "com.apple.product-type.bundle.unit-test";
		};
/* End PBXNativeTarget section */

/* Begin PBXProject section */
		3B4463D61B544DDB0016058B /* Project object */ = {
			isa = PBXProject;
			attributes = {
				LastUpgradeCheck = 0640;
				ORGANIZATIONNAME = "Keshav Dasu";
				TargetAttributes = {
					3B4463DD1B544DDB0016058B = {
						CreatedOnToolsVersion = 6.4;
						DevelopmentTeam = XDKZR8HZ7A;
					};
					3B4463F61B544DDB0016058B = {
						CreatedOnToolsVersion = 6.4;
						TestTargetID = 3B4463DD1B544DDB0016058B;
					};
				};
			};
			buildConfigurationList = 3B4463D91B544DDB0016058B /* Build configuration list for PBXProject "MemMatch" */;
			compatibilityVersion = "Xcode 3.2";
			developmentRegion = English;
			hasScannedForEncodings = 0;
			knownRegions = (
				en,
				Base,
			);
			mainGroup = 3B4463D51B544DDB0016058B;
			productRefGroup = 3B4463DF1B544DDB0016058B /* Products */;
			projectDirPath = "";
			projectRoot = "";
			targets = (
				3B4463DD1B544DDB0016058B /* MemMatch */,
				3B4463F61B544DDB0016058B /* MemMatchTests */,
			);
		};
/* End PBXProject section */

/* Begin PBXResourcesBuildPhase section */
		3B4463DC1B544DDB0016058B /* Resources */ = {
			isa = PBXResourcesBuildPhase;
			buildActionMask = 2147483647;
			files = (
				3B4463ED1B544DDB0016058B /* Main.storyboard in Resources */,
				3B4463F21B544DDB0016058B /* LaunchScreen.xib in Resources */,
				3B4463EF1B544DDB0016058B /* Images.xcassets in Resources */,
			);
			runOnlyForDeploymentPostprocessing = 0;
		};
		3B4463F51B544DDB0016058B /* Resources */ = {
			isa = PBXResourcesBuildPhase;
			buildActionMask = 2147483647;
			files = (
			);
			runOnlyForDeploymentPostprocessing = 0;
		};
/* End PBXResourcesBuildPhase section */

/* Begin PBXSourcesBuildPhase section */
		3B4463DA1B544DDB0016058B /* Sources */ = {
			isa = PBXSourcesBuildPhase;
			buildActionMask = 2147483647;
			files = (
				3B4464121B5468940016058B /* PlayingCard.m in Sources */,
				3B44640F1B545E390016058B /* Deck.m in Sources */,
				3B4463EA1B544DDB0016058B /* ViewController.m in Sources */,
				3B4463E71B544DDB0016058B /* AppDelegate.m in Sources */,
				3B1064211B561CF1005FA834 /* CardMatchingGame.m in Sources */,
				3B4464151B548B660016058B /* PlayingCardDeck.m in Sources */,
				3B4463E41B544DDB0016058B /* main.m in Sources */,
				3B4464091B544F9E0016058B /* Card.m in Sources */,
			);
			runOnlyForDeploymentPostprocessing = 0;
		};
		3B4463F31B544DDB0016058B /* Sources */ = {
			isa = PBXSourcesBuildPhase;
			buildActionMask = 2147483647;
			files = (
				3B4463FE1B544DDB0016058B /* MemMatchTests.m in Sources */,
			);
			runOnlyForDeploymentPostprocessing = 0;
		};
/* End PBXSourcesBuildPhase section */

/* Begin PBXTargetDependency section */
		3B4463F91B544DDB0016058B /* PBXTargetDependency */ = {
			isa = PBXTargetDependency;
			target = 3B4463DD1B544DDB0016058B /* MemMatch */;
			targetProxy = 3B4463F81B544DDB0016058B /* PBXContainerItemProxy */;
		};
/* End PBXTargetDependency section */

/* Begin PBXVariantGroup section */
		3B4463EB1B544DDB0016058B /* Main.storyboard */ = {
			isa = PBXVariantGroup;
			children = (
				3B4463EC1B544DDB0016058B /* Base */,
			);
			name = Main.storyboard;
			sourceTree = "<group>";
		};
		3B4463F01B544DDB0016058B /* LaunchScreen.xib */ = {
			isa = PBXVariantGroup;
			children = (
				3B4463F11B544DDB0016058B /* Base */,
			);
			name = LaunchScreen.xib;
			sourceTree = "<group>";
		};
/* End PBXVariantGroup section */

/* Begin XCBuildConfiguration section */
		3B4463FF1B544DDB0016058B /* Debug */ = {
			isa = XCBuildConfiguration;
			buildSettings = {
				ALWAYS_SEARCH_USER_PATHS = NO;
				CLANG_CXX_LANGUAGE_STANDARD = "gnu++0x";
				CLANG_CXX_LIBRARY = "libc++";
				CLANG_ENABLE_MODULES = YES;
				CLANG_ENABLE_OBJC_ARC = YES;
				CLANG_WARN_BOOL_CONVERSION = YES;
				CLANG_WARN_CONSTANT_CONVERSION = YES;
				CLANG_WARN_DIRECT_OBJC_ISA_USAGE = YES_ERROR;
				CLANG_WARN_EMPTY_BODY = YES;
				CLANG_WARN_ENUM_CONVERSION = YES;
				CLANG_WARN_INT_CONVERSION = YES;
				CLANG_WARN_OBJC_ROOT_CLASS = YES_ERROR;
				CLANG_WARN_UNREACHABLE_CODE = YES;
				CLANG_WARN__DUPLICATE_METHOD_MATCH = YES;
				"CODE_SIGN_IDENTITY[sdk=iphoneos*]" = "iPhone Developer";
				COPY_PHASE_STRIP = NO;
				DEBUG_INFORMATION_FORMAT = "dwarf-with-dsym";
				ENABLE_STRICT_OBJC_MSGSEND = YES;
				GCC_C_LANGUAGE_STANDARD = gnu99;
				GCC_DYNAMIC_NO_PIC = NO;
				GCC_NO_COMMON_BLOCKS = YES;
				GCC_OPTIMIZATION_LEVEL = 0;
				GCC_PREPROCESSOR_DEFINITIONS = (
					"DEBUG=1",
					"$(inherited)",
				);
				GCC_SYMBOLS_PRIVATE_EXTERN = NO;
				GCC_WARN_64_TO_32_BIT_CONVERSION = YES;
				GCC_WARN_ABOUT_RETURN_TYPE = YES_ERROR;
				GCC_WARN_UNDECLARED_SELECTOR = YES;
				GCC_WARN_UNINITIALIZED_AUTOS = YES_AGGRESSIVE;
				GCC_WARN_UNUSED_FUNCTION = YES;
				GCC_WARN_UNUSED_VARIABLE = YES;
				IPHONEOS_DEPLOYMENT_TARGET = 8.4;
				MTL_ENABLE_DEBUG_INFO = YES;
				ONLY_ACTIVE_ARCH = YES;
				SDKROOT = iphoneos;
			};
			name = Debug;
		};
		3B4464001B544DDB0016058B /* Release */ = {
			isa = XCBuildConfiguration;
			buildSettings = {
				ALWAYS_SEARCH_USER_PATHS = NO;
				CLANG_CXX_LANGUAGE_STANDARD = "gnu++0x";
				CLANG_CXX_LIBRARY = "libc++";
				CLANG_ENABLE_MODULES = YES;
				CLANG_ENABLE_OBJC_ARC = YES;
				CLANG_WARN_BOOL_CONVERSION = YES;
				CLANG_WARN_CONSTANT_CONVERSION = YES;
				CLANG_WARN_DIRECT_OBJC_ISA_USAGE = YES_ERROR;
				CLANG_WARN_EMPTY_BODY = YES;
				CLANG_WARN_ENUM_CONVERSION = YES;
				CLANG_WARN_INT_CONVERSION = YES;
				CLANG_WARN_OBJC_ROOT_CLASS = YES_ERROR;
				CLANG_WARN_UNREACHABLE_CODE = YES;
				CLANG_WARN__DUPLICATE_METHOD_MATCH = YES;
				"CODE_SIGN_IDENTITY[sdk=iphoneos*]" = "iPhone Developer";
				COPY_PHASE_STRIP = NO;
				DEBUG_INFORMATION_FORMAT = "dwarf-with-dsym";
				ENABLE_NS_ASSERTIONS = NO;
				ENABLE_STRICT_OBJC_MSGSEND = YES;
				GCC_C_LANGUAGE_STANDARD = gnu99;
				GCC_NO_COMMON_BLOCKS = YES;
				GCC_WARN_64_TO_32_BIT_CONVERSION = YES;
				GCC_WARN_ABOUT_RETURN_TYPE = YES_ERROR;
				GCC_WARN_UNDECLARED_SELECTOR = YES;
				GCC_WARN_UNINITIALIZED_AUTOS = YES_AGGRESSIVE;
				GCC_WARN_UNUSED_FUNCTION = YES;
				GCC_WARN_UNUSED_VARIABLE = YES;
				IPHONEOS_DEPLOYMENT_TARGET = 8.4;
				MTL_ENABLE_DEBUG_INFO = NO;
				SDKROOT = iphoneos;
				VALIDATE_PRODUCT = YES;
			};
			name = Release;
		};
		3B4464021B544DDB0016058B /* Debug */ = {
			isa = XCBuildConfiguration;
			buildSettings = {
				ASSETCATALOG_COMPILER_APPICON_NAME = AppIcon;
				CODE_SIGN_IDENTITY = "iPhone Developer";
				INFOPLIST_FILE = MemMatch/Info.plist;
				LD_RUNPATH_SEARCH_PATHS = "$(inherited) @executable_path/Frameworks";
				PRODUCT_NAME = "$(TARGET_NAME)";
			};
			name = Debug;
		};
		3B4464031B544DDB0016058B /* Release */ = {
			isa = XCBuildConfiguration;
			buildSettings = {
				ASSETCATALOG_COMPILER_APPICON_NAME = AppIcon;
				CODE_SIGN_IDENTITY = "iPhone Developer";
				INFOPLIST_FILE = MemMatch/Info.plist;
				LD_RUNPATH_SEARCH_PATHS = "$(inherited) @executable_path/Frameworks";
				PRODUCT_NAME = "$(TARGET_NAME)";
			};
			name = Release;
		};
		3B4464051B544DDB0016058B /* Debug */ = {
			isa = XCBuildConfiguration;
			buildSettings = {
				BUNDLE_LOADER = "$(TEST_HOST)";
				FRAMEWORK_SEARCH_PATHS = (
					"$(SDKROOT)/Developer/Library/Frameworks",
					"$(inherited)",
				);
				GCC_PREPROCESSOR_DEFINITIONS = (
					"DEBUG=1",
					"$(inherited)",
				);
				INFOPLIST_FILE = MemMatchTests/Info.plist;
				LD_RUNPATH_SEARCH_PATHS = "$(inherited) @executable_path/Frameworks @loader_path/Frameworks";
				PRODUCT_NAME = "$(TARGET_NAME)";
				TEST_HOST = "$(BUILT_PRODUCTS_DIR)/MemMatch.app/MemMatch";
			};
			name = Debug;
		};
		3B4464061B544DDB0016058B /* Release */ = {
			isa = XCBuildConfiguration;
			buildSettings = {
				BUNDLE_LOADER = "$(TEST_HOST)";
				FRAMEWORK_SEARCH_PATHS = (
					"$(SDKROOT)/Developer/Library/Frameworks",
					"$(inherited)",
				);
				INFOPLIST_FILE = MemMatchTests/Info.plist;
				LD_RUNPATH_SEARCH_PATHS = "$(inherited) @executable_path/Frameworks @loader_path/Frameworks";
				PRODUCT_NAME = "$(TARGET_NAME)";
				TEST_HOST = "$(BUILT_PRODUCTS_DIR)/MemMatch.app/MemMatch";
			};
			name = Release;
		};
/* End XCBuildConfiguration section */

/* Begin XCConfigurationList section */
		3B4463D91B544DDB0016058B /* Build configuration list for PBXProject "MemMatch" */ = {
			isa = XCConfigurationList;
			buildConfigurations = (
				3B4463FF1B544DDB0016058B /* Debug */,
				3B4464001B544DDB0016058B /* Release */,
			);
			defaultConfigurationIsVisible = 0;
			defaultConfigurationName = Release;
		};
		3B4464011B544DDB0016058B /* Build configuration list for PBXNativeTarget "MemMatch" */ = {
			isa = XCConfigurationList;
			buildConfigurations = (
				3B4464021B544DDB0016058B /* Debug */,
				3B4464031B544DDB0016058B /* Release */,
			);
			defaultConfigurationIsVisible = 0;
			defaultConfigurationName = Release;
		};
		3B4464041B544DDB0016058B /* Build configuration list for PBXNativeTarget "MemMatchTests" */ = {
			isa = XCConfigurationList;
			buildConfigurations = (
				3B4464051B544DDB0016058B /* Debug */,
				3B4464061B544DDB0016058B /* Release */,
			);
			defaultConfigurationIsVisible = 0;
			defaultConfigurationName = Release;
		};
/* End XCConfigurationList section */
	};
	rootObject = 3B4463D61B544DDB0016058B /* Project object */;
}
